github.com/TheCacophonyProject/go-api v0.0.0-20190626053918-f75d61018103 h1:Y95eKfNi+SmG8HI/dfbTItiJpce6D9OEVO4HPdW+5cI=
github.com/TheCacophonyProject/go-api v0.0.0-20190626053918-f75d61018103/go.mod h1:tD8UcoBnVOb41Sgg+b5JOPVzdJMZnfxK7IpgGCNUvZw=
github.com/TheCacophonyProject/go-api v0.0.0-20190708023037-3bb10965c871 h1:PHugkeEeH0In9UvFVHxGVnF3Z5N1iMWeth5CukU36+g=
github.com/TheCacophonyProject/go-api v0.0.0-20190708023037-3bb10965c871/go.mod h1:tD8UcoBnVOb41Sgg+b5JOPVzdJMZnfxK7IpgGCNUvZw=
github.com/TheCacophonyProject/modemd v0.0.0-20190708011609-1940f5b6677b h1:iJVZlC3nzjJ2EoWLBr7zKhL7t9hUleghmUIC+3ObB88=
github.com/TheCacophonyProject/modemd v0.0.0-20190708011609-1940f5b6677b/go.mod h1:txGgnRinv6H0/jB4n71MpuS+2qtu8tAlntIjY5udXDU=
github.com/TheCacophonyProject/window v0.0.0-20180531024057-3a2d74f7fcf5 h1:ihqo17eciOVXn6tZDw0G8L/xJOJ2iaNR9selfF+0uo4=
github.com/TheCacophonyProject/window v0.0.0-20180531024057-3a2d74f7fcf5/go.mod h1:Vww417iimOb0s46Ndsm8U/vYtwc0dZUet4uW8QzBo4M=
github.com/alexflint/go-arg v0.0.0-20180516182405-f7c0423bd11e h1:dzrBxLIjiq17Da9DhY3svGRhptiUg1LUzdkOuFYjAzA=
github.com/alexflint/go-arg v0.0.0-20180516182405-f7c0423bd11e/go.mod h1:PHxo6ZWOLVMZZgWSAqBynb/KhIqoGO6WKwOVX7rM9dg=
github.com/alexflint/go-arg v1.0.0 h1:VWNnY3DyBHiq5lcwY2FlCE5t5qyHNV0o5i1bkCIHprU=
github.com/alexflint/go-arg v1.0.0/go.mod h1:Cto8k5VtkP4pp0EXiWD4ZJMFOOinZ38ggVcQ/6CGuRI=
github.com/alexflint/go-scalar v0.0.0-20170216020425-e80c3b7ed292 h1:0YTMOir1UPjebSvNmIrEKO9FFd+RZc1wwZHUrxfn4BI=
github.com/alexflint/go-scalar v0.0.0-20170216020425-e80c3b7ed292/go.mod h1:dgifnFPveotJNpwJdl1hDPu5vSuqVVUPIr3isfcvgBA=
github.com/alexflint/go-scalar v1.0.0 h1:NGupf1XV/Xb04wXskDFzS0KWOLH632W/EO4fAFi+A70=
github.com/alexflint/go-scalar v1.0.0/go.mod h1:GpHzbCOZXEKMEcygYQ5n/aa4Aq84zbxjy3MxYW0gjYw=
github.com/davecgh/go-spew v1.1.0/go.mod h1:J7Y8YcW2NihsgmVo/mv3lAwl/skON4iLHjSsI+c5H38=
github.com/davecgh/go-spew v1.1.1 h1:vj9j/u1bqnvCEfJOwUhtlOARqs3+rkHYY13jYWTU97c=
github.com/davecgh/go-spew v1.1.1/go.mod h1:J7Y8YcW2NihsgmVo/mv3lAwl/skON4iLHjSsI+c5H38=
github.com/godbus/dbus v0.0.0-20181101234600-2ff6f7ffd60f/go.mod h1:/YcGZj5zSblfDWMMoOzV4fas9FZnQYTkDnsGvmh2Grw=
github.com/godbus/dbus v4.1.0+incompatible h1:WqqLRTsQic3apZUK9qC5sGNfXthmPXzUZ7nQPrNITa4=
github.com/godbus/dbus v4.1.0+incompatible/go.mod h1:/YcGZj5zSblfDWMMoOzV4fas9FZnQYTkDnsGvmh2Grw=
github.com/gofrs/flock v0.7.1 h1:DP+LD/t0njgoPBvT5MJLeliUIVQR03hiKR6vezdwHlc=
github.com/gofrs/flock v0.7.1/go.mod h1:F1TvTiK9OcQqauNUHlbJvyl9Qa1QvF/gOUDKA14jxHU=
github.com/kr/pretty v0.1.0/go.mod h1:dAy3ld7l9f0ibDNOQOHHMYYIIbhfbHSm3C4ZsoJORNo=
github.com/kr/pty v1.1.1/go.mod h1:pFQYn66WHrOpPYNljwOMqo10TkYh1fy3cYio2l3bCsQ=
github.com/kr/text v0.1.0/go.mod h1:4Jbv+DJW3UT/LiOwJeYQe1efqtUx/iVham/4vfdArNI=
github.com/pmezard/go-difflib v1.0.0 h1:4DBwDE0NGyQoBHbLQYPwSUPoCMWR5BEzIk/f1lZbAQM=
github.com/pmezard/go-difflib v1.0.0/go.mod h1:iKH77koFhYxTK1pcRnkKkqfTogsbg7gZNVY4sRDYZ/4=
github.com/spf13/afero v1.2.2 h1:5jhuqJyZCZf2JRofRvN/nIFgIWNzPa3/Vz8mYylgbWc=
github.com/spf13/afero v1.2.2/go.mod h1:9ZxEEn6pIJ8Rxe320qSDBk6AsU0r9pR7Q4OcevTdifk=
github.com/stretchr/testify v1.2.2 h1:bSDNvY7ZPG5RlJ8otE/7V6gMiyenm9RtJ7IUVIAoJ1w=
github.com/stretchr/testify v1.2.2/go.mod h1:a8OnRcib4nhh0OaRAV+Yts87kKdq0PP7pXfy6kDkUVs=
golang.org/x/text v0.3.0/go.mod h1:NqM8EUOU14njkJ3fqMW+pc6Ldnwhi/IjpwHt7yyuwOQ=
golang.org/x/text v0.3.2 h1:tW2bmiBqwgJj/UpqtC8EpXEZVYOwU0yG4iWbprSVAcs=
golang.org/x/text v0.3.2/go.mod h1:bEr9sfX3Q8Zfm5fL9x+3itogRgK3+ptLWKqgva+5dAk=
golang.org/x/tools v0.0.0-20180917221912-90fa682c2a6e/go.mod h1:n7NCudcB/nEzxVGmLbDWY5pfWTLqBcC2KZ6jyYvM4mQ=
gopkg.in/check.v1 v0.0.0-20161208181325-20d25e280405/go.mod h1:Co6ibVJAznAaIkqp8huTwlJQCZ016jof/cbN4VW5Yz0=
gopkg.in/yaml.v1 v1.0.0-20140924161607-9f9df34309c0 h1:POO/ycCATvegFmVuPpQzZFJ+pGZeX22Ufu6fibxDVjU=
gopkg.in/yaml.v1 v1.0.0-20140924161607-9f9df34309c0/go.mod h1:WDnlLJ4WF5VGsH/HVa3CI79GS0ol3YnhVnKP89i0kNg=
gopkg.in/yaml.v2 v2.2.2 h1:ZCJp+EgiOT7lHqUV2J862kp8Qj64Jo6az82+3Td9dZw=
gopkg.in/yaml.v2 v2.2.2/go.mod h1:hI93XBmqTisBFMUTm0b8Fm+jr3Dg1NNxqwp+5A1VGuI=
periph.io/x/periph v0.0.0-20190218125427-df7c7a4f8f86/go.mod h1:EWr+FCIU2dBWz5/wSWeiIUJTriYv9v2j2ENBmgYyy7Y=
